
Microsoft Visual Studio Solution File, Format Version 12.00
# Visual Studio Version 16
VisualStudioVersion = 16.0.29709.97
MinimumVisualStudioVersion = 10.0.40219.1
Project("{FAE04EC0-301F-11D3-BF4B-00C04F79EFBC}") = "JRPGProject", "JRPGProject.csproj", "{523F8AB9-879F-4167-A762-9DDED87C42BA}"
EndProject
Global
	GlobalSection(SolutionConfigurationPlatforms) = preSolution
		Debug|Any CPU = Debug|Any CPU
		Release|Any CPU = Release|Any CPU
	EndGlobalSection
	GlobalSection(ProjectConfigurationPlatforms) = postSolution
		{523F8AB9-879F-4167-A762-9DDED87C42BA}.Debug|Any CPU.ActiveCfg = Debug|Any CPU
		{523F8AB9-879F-4167-A762-9DDED87C42BA}.Debug|Any CPU.Build.0 = Debug|Any CPU
		{523F8AB9-879F-4167-A762-9DDED87C42BA}.Release|Any CPU.ActiveCfg = Release|Any CPU
		{523F8AB9-879F-4167-A762-9DDED87C42BA}.Release|Any CPU.Build.0 = Release|Any CPU
	EndGlobalSection
	GlobalSection(SolutionProperties) = preSolution
		HideSolutionNode = FALSE
	EndGlobalSection
	GlobalSection(ExtensibilityGlobals) = postSolution
		SolutionGuid = {8FFB3375-39E7-400B-A2B9-7BEA87D08942}
	EndGlobalSection
EndGlobal
